
Microsoft Visual Studio Solution File, Format Version 12.00
# Visual Studio 15
VisualStudioVersion = 15.0.28307.572
MinimumVisualStudioVersion = 10.0.40219.1
Project("{FAE04EC0-301F-11D3-BF4B-00C04F79EFBC}") = "SchoolReminder", "SchoolReminder\SchoolReminder.csproj", "{698FD7C0-2E04-4F1A-84D0-04A35822E93C}"
EndProject
Project("{2150E333-8FDC-42A3-9474-1A3956D46DE8}") = "Web", "Web", "{44E9605E-B789-498C-A2FE-ECC160238D95}"
EndProject
Global
	GlobalSection(SolutionConfigurationPlatforms) = preSolution
		Debug|Any CPU = Debug|Any CPU
		Release|Any CPU = Release|Any CPU
	EndGlobalSection
	GlobalSection(ProjectConfigurationPlatforms) = postSolution
		{698FD7C0-2E04-4F1A-84D0-04A35822E93C}.Debug|Any CPU.ActiveCfg = Debug|Any CPU
		{698FD7C0-2E04-4F1A-84D0-04A35822E93C}.Debug|Any CPU.Build.0 = Debug|Any CPU
		{698FD7C0-2E04-4F1A-84D0-04A35822E93C}.Release|Any CPU.ActiveCfg = Release|Any CPU
		{698FD7C0-2E04-4F1A-84D0-04A35822E93C}.Release|Any CPU.Build.0 = Release|Any CPU
	EndGlobalSection
	GlobalSection(SolutionProperties) = preSolution
		HideSolutionNode = FALSE
	EndGlobalSection
	GlobalSection(ExtensibilityGlobals) = postSolution
		SolutionGuid = {F5EDD4B2-2429-4733-AC91-7DEFB1F6631B}
	EndGlobalSection
EndGlobal
